# This file is autogenerated, do not edit; changes may be undone by the next 'dep ensure'.


[[projects]]
  name = "github.com/fatih/set"
  packages = ["."]
  revision = "57907de300222151a123d29255ed17f5ed43fad3"
  version = "v0.1.0"

[solve-meta]
  analyzer-name = "dep"
  analyzer-version = 1
  inputs-digest = "16d9ee0617f60157fdc47161c9a91efc586d2e511b1c49c0b1c5eec191f4ab4f"
  solver-name = "gps-cdcl"
  solver-version = 1
